<?xml version="1.0" encoding="utf-8"?>
<Project ToolsVersion="4.0" xmlns="http://schemas.microsoft.com/developer/msbuild/2003">
  <ItemGroup>
    <ClCompile Include="..\..\..\addons\TUIO11_CPP\TUIO\FlashSender.cpp">
      <Filter>TUIO</Filter>
    </ClCompile>
    <ClCompile Include="..\..\..\addons\TUIO11_CPP\TUIO\OscReceiver.cpp">
      <Filter>TUIO</Filter>
    </ClCompile>
    <ClCompile Include="..\..\..\addons\TUIO11_CPP\TUIO\OscSender.cpp">
      <Filter>TUIO</Filter>
    </ClCompile>
    <ClCompile Include="..\..\..\addons\TUIO11_CPP\TUIO\TcpReceiver.cpp">
      <Filter>TUIO</Filter>
    </ClCompile>
    <ClCompile Include="..\..\..\addons\TUIO11_CPP\TUIO\TcpSender.cpp">
      <Filter>TUIO</Filter>
    </ClCompile>
    <ClCompile Include="..\..\..\addons\TUIO11_CPP\TUIO\TuioBlob.cpp">
      <Filter>TUIO</Filter>
    </ClCompile>
    <ClCompile Include="..\..\..\addons\TUIO11_CPP\TUIO\TuioClient.cpp">
      <Filter>TUIO</Filter>
    </ClCompile>
    <ClCompile Include="..\..\..\addons\TUIO11_CPP\TUIO\TuioContainer.cpp">
      <Filter>TUIO</Filter>
    </ClCompile>
    <ClCompile Include="..\..\..\addons\TUIO11_CPP\TUIO\TuioCursor.cpp">
      <Filter>TUIO</Filter>
    </ClCompile>
    <ClCompile Include="..\..\..\addons\TUIO11_CPP\TUIO\TuioDispatcher.cpp">
      <Filter>TUIO</Filter>
    </ClCompile>
    <ClCompile Include="..\..\..\addons\TUIO11_CPP\TUIO\TuioManager.cpp">
      <Filter>TUIO</Filter>
    </ClCompile>
    <ClCompile Include="..\..\..\addons\TUIO11_CPP\TUIO\TuioObject.cpp">
      <Filter>TUIO</Filter>
    </ClCompile>
    <ClCompile Include="..\..\..\addons\TUIO11_CPP\TUIO\TuioPoint.cpp">
      <Filter>TUIO</Filter>
    </ClCompile>
    <ClCompile Include="..\..\..\addons\TUIO11_CPP\TUIO\TuioServer.cpp">
      <Filter>TUIO</Filter>
    </ClCompile>
    <ClCompile Include="..\..\..\addons\TUIO11_CPP\TUIO\TuioTime.cpp">
      <Filter>TUIO</Filter>
    </ClCompile>
    <ClCompile Include="..\..\..\addons\TUIO11_CPP\TUIO\UdpReceiver.cpp">
      <Filter>TUIO</Filter>
    </ClCompile>
    <ClCompile Include="..\..\..\addons\TUIO11_CPP\TUIO\UdpSender.cpp">
      <Filter>TUIO</Filter>
    </ClCompile>
    <ClCompile Include="..\..\..\addons\TUIO11_CPP\oscpack\ip\IpEndpointName.cpp">
      <Filter>TUIO\oscpack\ip</Filter>
    </ClCompile>
    <ClCompile Include="..\..\..\addons\TUIO11_CPP\oscpack\ip\win32\NetworkingUtils.cpp">
      <Filter>TUIO\oscpack\ip</Filter>
    </ClCompile>
    <ClCompile Include="..\..\..\addons\TUIO11_CPP\oscpack\ip\win32\UdpSocket.cpp">
      <Filter>TUIO\oscpack\ip</Filter>
    </ClCompile>
    <ClCompile Include="..\..\..\addons\TUIO11_CPP\oscpack\osc\OscOutboundPacketStream.cpp">
      <Filter>TUIO\oscpack\osc</Filter>
    </ClCompile>
    <ClCompile Include="..\..\..\addons\TUIO11_CPP\oscpack\osc\OscPrintReceivedElements.cpp">
      <Filter>TUIO\oscpack\osc</Filter>
    </ClCompile>
    <ClCompile Include="..\..\..\addons\TUIO11_CPP\oscpack\osc\OscReceivedElements.cpp">
      <Filter>TUIO\oscpack\osc</Filter>
    </ClCompile>
    <ClCompile Include="..\..\..\addons\TUIO11_CPP\oscpack\osc\OscTypes.cpp">
      <Filter>TUIO\oscpack\osc</Filter>
    </ClCompile>
    <ClCompile Include="src\main.cpp">
      <Filter>src</Filter>
    </ClCompile>
    <ClCompile Include="..\..\..\addons\ofxTuioWrapper\src\ofxTuioClient.cpp">
      <Filter>ofxTuioClient</Filter>
    </ClCompile>
    <ClCompile Include="src\TouchManager.cpp">
      <Filter>src</Filter>
    </ClCompile>
    <ClCompile Include="src\DrawManager.cpp">
      <Filter>src</Filter>
    </ClCompile>
    <ClCompile Include="src\ColorChipManager.cpp">
      <Filter>src</Filter>
    </ClCompile>
    <ClCompile Include="src\LEDManager.cpp">
      <Filter>src</Filter>
    </ClCompile>
    <ClCompile Include="src\TouchHistory.cpp">
      <Filter>src</Filter>
    </ClCompile>
    <ClCompile Include="src\EditorManager.cpp">
      <Filter>src</Filter>
    </ClCompile>
  </ItemGroup>
  <ItemGroup>
    <Filter Include="src">
      <UniqueIdentifier>{d8376475-7454-4a24-b08a-aac121d3ad6f}</UniqueIdentifier>
    </Filter>
    <Filter Include="TUIO">
      <UniqueIdentifier>{8c4cad09-bbb2-4194-9877-7f044e591c99}</UniqueIdentifier>
    </Filter>
    <Filter Include="TUIO\oscpack">
      <UniqueIdentifier>{68447ebd-1aa0-4547-9604-a01cbc5c50f8}</UniqueIdentifier>
    </Filter>
    <Filter Include="TUIO\oscpack\ip">
      <UniqueIdentifier>{ca568d75-a534-4fca-9a8a-fb9336ae6683}</UniqueIdentifier>
    </Filter>
    <Filter Include="TUIO\oscpack\osc">
      <UniqueIdentifier>{39be83fe-5a78-4d39-9922-a4a1459db0a5}</UniqueIdentifier>
    </Filter>
    <Filter Include="ofxTuioClient">
      <UniqueIdentifier>{e197aec6-ac9c-4338-995d-8dff2409fd83}</UniqueIdentifier>
    </Filter>
  </ItemGroup>
  <ItemGroup>
    <ClInclude Include="..\..\..\addons\TUIO11_CPP\TUIO\FlashSender.h">
      <Filter>TUIO</Filter>
    </ClInclude>
    <ClInclude Include="..\..\..\addons\TUIO11_CPP\TUIO\LibExport.h">
      <Filter>TUIO</Filter>
    </ClInclude>
    <ClInclude Include="..\..\..\addons\TUIO11_CPP\TUIO\OscReceiver.h">
      <Filter>TUIO</Filter>
    </ClInclude>
    <ClInclude Include="..\..\..\addons\TUIO11_CPP\TUIO\OscSender.h">
      <Filter>TUIO</Filter>
    </ClInclude>
    <ClInclude Include="..\..\..\addons\TUIO11_CPP\TUIO\TcpReceiver.h">
      <Filter>TUIO</Filter>
    </ClInclude>
    <ClInclude Include="..\..\..\addons\TUIO11_CPP\TUIO\TcpSender.h">
      <Filter>TUIO</Filter>
    </ClInclude>
    <ClInclude Include="..\..\..\addons\TUIO11_CPP\TUIO\TuioBlob.h">
      <Filter>TUIO</Filter>
    </ClInclude>
    <ClInclude Include="..\..\..\addons\TUIO11_CPP\TUIO\TuioClient.h">
      <Filter>TUIO</Filter>
    </ClInclude>
    <ClInclude Include="..\..\..\addons\TUIO11_CPP\TUIO\TuioContainer.h">
      <Filter>TUIO</Filter>
    </ClInclude>
    <ClInclude Include="..\..\..\addons\TUIO11_CPP\TUIO\TuioCursor.h">
      <Filter>TUIO</Filter>
    </ClInclude>
    <ClInclude Include="..\..\..\addons\TUIO11_CPP\TUIO\TuioDispatcher.h">
      <Filter>TUIO</Filter>
    </ClInclude>
    <ClInclude Include="..\..\..\addons\TUIO11_CPP\TUIO\TuioListener.h">
      <Filter>TUIO</Filter>
    </ClInclude>
    <ClInclude Include="..\..\..\addons\TUIO11_CPP\TUIO\TuioManager.h">
      <Filter>TUIO</Filter>
    </ClInclude>
    <ClInclude Include="..\..\..\addons\TUIO11_CPP\TUIO\TuioObject.h">
      <Filter>TUIO</Filter>
    </ClInclude>
    <ClInclude Include="..\..\..\addons\TUIO11_CPP\TUIO\TuioPoint.h">
      <Filter>TUIO</Filter>
    </ClInclude>
    <ClInclude Include="..\..\..\addons\TUIO11_CPP\TUIO\TuioServer.h">
      <Filter>TUIO</Filter>
    </ClInclude>
    <ClInclude Include="..\..\..\addons\TUIO11_CPP\TUIO\TuioTime.h">
      <Filter>TUIO</Filter>
    </ClInclude>
    <ClInclude Include="..\..\..\addons\TUIO11_CPP\TUIO\UdpReceiver.h">
      <Filter>TUIO</Filter>
    </ClInclude>
    <ClInclude Include="..\..\..\addons\TUIO11_CPP\TUIO\UdpSender.h">
      <Filter>TUIO</Filter>
    </ClInclude>
    <ClInclude Include="..\..\..\addons\TUIO11_CPP\oscpack\ip\IpEndpointName.h">
      <Filter>TUIO\oscpack\ip</Filter>
    </ClInclude>
    <ClInclude Include="..\..\..\addons\TUIO11_CPP\oscpack\ip\NetworkingUtils.h">
      <Filter>TUIO\oscpack\ip</Filter>
    </ClInclude>
    <ClInclude Include="..\..\..\addons\TUIO11_CPP\oscpack\ip\PacketListener.h">
      <Filter>TUIO\oscpack\ip</Filter>
    </ClInclude>
    <ClInclude Include="..\..\..\addons\TUIO11_CPP\oscpack\ip\TimerListener.h">
      <Filter>TUIO\oscpack\ip</Filter>
    </ClInclude>
    <ClInclude Include="..\..\..\addons\TUIO11_CPP\oscpack\ip\UdpSocket.h">
      <Filter>TUIO\oscpack\ip</Filter>
    </ClInclude>
    <ClInclude Include="..\..\..\addons\TUIO11_CPP\oscpack\osc\MessageMappingOscPacketListener.h">
      <Filter>TUIO\oscpack\osc</Filter>
    </ClInclude>
    <ClInclude Include="..\..\..\addons\TUIO11_CPP\oscpack\osc\OscException.h">
      <Filter>TUIO\oscpack\osc</Filter>
    </ClInclude>
    <ClInclude Include="..\..\..\addons\TUIO11_CPP\oscpack\osc\OscHostEndianness.h">
      <Filter>TUIO\oscpack\osc</Filter>
    </ClInclude>
    <ClInclude Include="..\..\..\addons\TUIO11_CPP\oscpack\osc\OscOutboundPacketStream.h">
      <Filter>TUIO\oscpack\osc</Filter>
    </ClInclude>
    <ClInclude Include="..\..\..\addons\TUIO11_CPP\oscpack\osc\OscPacketListener.h">
      <Filter>TUIO\oscpack\osc</Filter>
    </ClInclude>
    <ClInclude Include="..\..\..\addons\TUIO11_CPP\oscpack\osc\OscPrintReceivedElements.h">
      <Filter>TUIO\oscpack\osc</Filter>
    </ClInclude>
    <ClInclude Include="..\..\..\addons\TUIO11_CPP\oscpack\osc\OscReceivedElements.h">
      <Filter>TUIO\oscpack\osc</Filter>
    </ClInclude>
    <ClInclude Include="..\..\..\addons\TUIO11_CPP\oscpack\osc\OscTypes.h">
      <Filter>TUIO\oscpack\osc</Filter>
    </ClInclude>
    <ClInclude Include="..\..\..\addons\ofxTuioWrapper\src\ofxTuioClient.h">
      <Filter>ofxTuioClient</Filter>
    </ClInclude>
    <ClInclude Include="src\TouchManager.h">
      <Filter>src</Filter>
    </ClInclude>
    <ClInclude Include="src\DrawManager.h">
      <Filter>src</Filter>
    </ClInclude>
    <ClInclude Include="src\ColorChipManager.h">
      <Filter>src</Filter>
    </ClInclude>
    <ClInclude Include="src\LEDManager.h">
      <Filter>src</Filter>
    </ClInclude>
    <ClInclude Include="src\TouchHistory.h">
      <Filter>src</Filter>
    </ClInclude>
    <ClInclude Include="src\Coordinate.h">
      <Filter>src</Filter>
    </ClInclude>
    <ClInclude Include="src\Define.h">
      <Filter>src</Filter>
    </ClInclude>
    <ClInclude Include="src\EditorManager.h">
      <Filter>src</Filter>
    </ClInclude>
  </ItemGroup>
  <ItemGroup>
    <ResourceCompile Include="icon.rc" />
  </ItemGroup>
</Project>